
Microsoft Visual Studio Solution File, Format Version 12.00
# Visual Studio Version 17
VisualStudioVersion = 17.10.34928.147
MinimumVisualStudioVersion = 10.0.40219.1
Project("{FAE04EC0-301F-11D3-BF4B-00C04F79EFBC}") = "12.06Task", "12.06Task\12.06Task.csproj", "{33DE29B0-3043-49D3-8BED-83FD74FF891D}"
EndProject
Global
	GlobalSection(SolutionConfigurationPlatforms) = preSolution
		Debug|Any CPU = Debug|Any CPU
		Release|Any CPU = Release|Any CPU
	EndGlobalSection
	GlobalSection(ProjectConfigurationPlatforms) = postSolution
		{33DE29B0-3043-49D3-8BED-83FD74FF891D}.Debug|Any CPU.ActiveCfg = Debug|Any CPU
		{33DE29B0-3043-49D3-8BED-83FD74FF891D}.Debug|Any CPU.Build.0 = Debug|Any CPU
		{33DE29B0-3043-49D3-8BED-83FD74FF891D}.Release|Any CPU.ActiveCfg = Release|Any CPU
		{33DE29B0-3043-49D3-8BED-83FD74FF891D}.Release|Any CPU.Build.0 = Release|Any CPU
	EndGlobalSection
	GlobalSection(SolutionProperties) = preSolution
		HideSolutionNode = FALSE
	EndGlobalSection
	GlobalSection(ExtensibilityGlobals) = postSolution
		SolutionGuid = {DD4499CF-0F50-48C7-A313-587646D65333}
	EndGlobalSection
EndGlobal
